
Microsoft Visual Studio Solution File, Format Version 12.00
# Visual Studio Version 17
VisualStudioVersion = 17.7.34202.233
MinimumVisualStudioVersion = 10.0.40219.1
Project("{FAE04EC0-301F-11D3-BF4B-00C04F79EFBC}") = "WildLifeApp", "WildLifeApp.csproj", "{D365F851-8EAB-4B11-B56D-CC098F203744}"
EndProject
Global
	GlobalSection(SolutionConfigurationPlatforms) = preSolution
		Debug|Any CPU = Debug|Any CPU
		Release|Any CPU = Release|Any CPU
	EndGlobalSection
	GlobalSection(ProjectConfigurationPlatforms) = postSolution
		{D365F851-8EAB-4B11-B56D-CC098F203744}.Debug|Any CPU.ActiveCfg = Debug|Any CPU
		{D365F851-8EAB-4B11-B56D-CC098F203744}.Debug|Any CPU.Build.0 = Debug|Any CPU
		{D365F851-8EAB-4B11-B56D-CC098F203744}.Debug|Any CPU.Deploy.0 = Debug|Any CPU
		{D365F851-8EAB-4B11-B56D-CC098F203744}.Release|Any CPU.ActiveCfg = Release|Any CPU
		{D365F851-8EAB-4B11-B56D-CC098F203744}.Release|Any CPU.Build.0 = Release|Any CPU
		{D365F851-8EAB-4B11-B56D-CC098F203744}.Release|Any CPU.Deploy.0 = Release|Any CPU
	EndGlobalSection
	GlobalSection(SolutionProperties) = preSolution
		HideSolutionNode = FALSE
	EndGlobalSection
	GlobalSection(ExtensibilityGlobals) = postSolution
		SolutionGuid = {49631E80-6DF6-474A-B722-B9A69382B64C}
	EndGlobalSection
EndGlobal
